
Microsoft Visual Studio Solution File, Format Version 12.00
# Visual Studio 15
VisualStudioVersion = 15.0.27703.2026
MinimumVisualStudioVersion = 10.0.40219.1
Project("{FAE04EC0-301F-11D3-BF4B-00C04F79EFBC}") = "WebApp", "WebApp\WebApp.csproj", "{0FBE969C-98B9-4696-AB5B-6AF741699503}"
EndProject
Project("{FAE04EC0-301F-11D3-BF4B-00C04F79EFBC}") = "ChinookSystem", "ChinookSystem\ChinookSystem.csproj", "{56753E91-38C9-41B2-86E7-9E5067C5D87D}"
EndProject
Project("{FAE04EC0-301F-11D3-BF4B-00C04F79EFBC}") = "ChinookSystem.Data", "ChinookSystem.Data\ChinookSystem.Data.csproj", "{F95A2088-1C83-4847-A17B-01BDF4D7839C}"
EndProject
Global
	GlobalSection(SolutionConfigurationPlatforms) = preSolution
		Debug|Any CPU = Debug|Any CPU
		Release|Any CPU = Release|Any CPU
	EndGlobalSection
	GlobalSection(ProjectConfigurationPlatforms) = postSolution
		{0FBE969C-98B9-4696-AB5B-6AF741699503}.Debug|Any CPU.ActiveCfg = Debug|Any CPU
		{0FBE969C-98B9-4696-AB5B-6AF741699503}.Debug|Any CPU.Build.0 = Debug|Any CPU
		{0FBE969C-98B9-4696-AB5B-6AF741699503}.Release|Any CPU.ActiveCfg = Release|Any CPU
		{0FBE969C-98B9-4696-AB5B-6AF741699503}.Release|Any CPU.Build.0 = Release|Any CPU
		{56753E91-38C9-41B2-86E7-9E5067C5D87D}.Debug|Any CPU.ActiveCfg = Debug|Any CPU
		{56753E91-38C9-41B2-86E7-9E5067C5D87D}.Debug|Any CPU.Build.0 = Debug|Any CPU
		{56753E91-38C9-41B2-86E7-9E5067C5D87D}.Release|Any CPU.ActiveCfg = Release|Any CPU
		{56753E91-38C9-41B2-86E7-9E5067C5D87D}.Release|Any CPU.Build.0 = Release|Any CPU
		{F95A2088-1C83-4847-A17B-01BDF4D7839C}.Debug|Any CPU.ActiveCfg = Debug|Any CPU
		{F95A2088-1C83-4847-A17B-01BDF4D7839C}.Debug|Any CPU.Build.0 = Debug|Any CPU
		{F95A2088-1C83-4847-A17B-01BDF4D7839C}.Release|Any CPU.ActiveCfg = Release|Any CPU
		{F95A2088-1C83-4847-A17B-01BDF4D7839C}.Release|Any CPU.Build.0 = Release|Any CPU
	EndGlobalSection
	GlobalSection(SolutionProperties) = preSolution
		HideSolutionNode = FALSE
	EndGlobalSection
	GlobalSection(ExtensibilityGlobals) = postSolution
		SolutionGuid = {F7824FF5-CBB5-40BE-9B5B-9F9E0416E052}
	EndGlobalSection
EndGlobal
